
Microsoft Visual Studio Solution File, Format Version 12.00
Project("{FAE04EC0-301F-11D3-BF4B-00C04F79EFBC}") = "LifxAPI", "LifxAPI\LifxAPI.csproj", "{BC333812-630C-4436-B467-04E2619C4F5F}"
EndProject
Project("{FAE04EC0-301F-11D3-BF4B-00C04F79EFBC}") = "LifxAPITests", "LifxAPITests\LifxAPITests.csproj", "{DDED6287-42D9-441E-830D-0AF7776F52E3}"
EndProject
Global
	GlobalSection(SolutionConfigurationPlatforms) = preSolution
		Debug|Any CPU = Debug|Any CPU
		Release|Any CPU = Release|Any CPU
	EndGlobalSection
	GlobalSection(ProjectConfigurationPlatforms) = postSolution
		{BC333812-630C-4436-B467-04E2619C4F5F}.Debug|Any CPU.ActiveCfg = Debug|Any CPU
		{BC333812-630C-4436-B467-04E2619C4F5F}.Debug|Any CPU.Build.0 = Debug|Any CPU
		{BC333812-630C-4436-B467-04E2619C4F5F}.Release|Any CPU.ActiveCfg = Release|Any CPU
		{BC333812-630C-4436-B467-04E2619C4F5F}.Release|Any CPU.Build.0 = Release|Any CPU
		{DDED6287-42D9-441E-830D-0AF7776F52E3}.Debug|Any CPU.ActiveCfg = Debug|Any CPU
		{DDED6287-42D9-441E-830D-0AF7776F52E3}.Debug|Any CPU.Build.0 = Debug|Any CPU
		{DDED6287-42D9-441E-830D-0AF7776F52E3}.Release|Any CPU.ActiveCfg = Release|Any CPU
		{DDED6287-42D9-441E-830D-0AF7776F52E3}.Release|Any CPU.Build.0 = Release|Any CPU
	EndGlobalSection
EndGlobal
